<?xml version="1.0" encoding="utf-8"?>
<Project ToolsVersion="4.0" xmlns="http://schemas.microsoft.com/developer/msbuild/2003">
  <ItemGroup>
    <Filter Include="Source Files">
      <UniqueIdentifier>{4FC737F1-C7A5-4376-A066-2A32D752A2FF}</UniqueIdentifier>
      <Extensions>cpp;c;cc;cxx;def;odl;idl;hpj;bat;asm;asmx</Extensions>
    </Filter>
    <Filter Include="Header Files">
      <UniqueIdentifier>{93995380-89BD-4b04-88EB-625FBE52EBFB}</UniqueIdentifier>
      <Extensions>h;hh;hpp;hxx;hm;inl;inc;ipp;xsd</Extensions>
    </Filter>
    <Filter Include="Resource Files">
      <UniqueIdentifier>{67DA6AB6-F800-4c08-8B7A-83BB121AAD01}</UniqueIdentifier>
      <Extensions>rc;ico;cur;bmp;dlg;rc2;rct;bin;rgs;gif;jpg;jpeg;jpe;resx;tiff;tif;png;wav;mfcribbon-ms</Extensions>
    </Filter>
    <Filter Include="Header Files\Data">
      <UniqueIdentifier>{b659b71b-3dc3-42d3-8d0d-616dfe691ee4}</UniqueIdentifier>
    </Filter>
    <Filter Include="Header Files\Systems">
      <UniqueIdentifier>{6080c93a-7c76-4876-b730-e5e535700bb4}</UniqueIdentifier>
    </Filter>
    <Filter Include="Header Files\Utility">
      <UniqueIdentifier>{ad37fcfc-fdf5-404b-b55d-7e575f3b79a1}</UniqueIdentifier>
    </Filter>
    <Filter Include="Header Files\Maths">
      <UniqueIdentifier>{e96e537d-3d6f-44bf-b91e-62927fdc1e82}</UniqueIdentifier>
    </Filter>
    <Filter Include="Source Files\Component">
      <UniqueIdentifier>{bc6786ee-131a-4ef0-910f-7eb25cac5dfb}</UniqueIdentifier>
    </Filter>
    <Filter Include="Header Files\Systems\Audio">
      <UniqueIdentifier>{d27c6340-bd28-4ad0-aba6-6da6f3bdca9f}</UniqueIdentifier>
    </Filter>
    <Filter Include="Header Files\Systems\Event">
      <UniqueIdentifier>{49ecc9a5-f308-4799-a77e-5fb6430778b5}</UniqueIdentifier>
    </Filter>
    <Filter Include="Header Files\Systems\Entity">
      <UniqueIdentifier>{23663c64-c639-47a0-990f-5af19a50dc38}</UniqueIdentifier>
    </Filter>
    <Filter Include="Header Files\Systems\Graphics">
      <UniqueIdentifier>{45a5f0d1-2156-4711-ab5c-32812f34489c}</UniqueIdentifier>
    </Filter>
    <Filter Include="Header Files\Systems\Input">
      <UniqueIdentifier>{17eb9c8f-faef-43c8-adbd-c711bf4995de}</UniqueIdentifier>
    </Filter>
    <Filter Include="Header Files\Systems\Physics">
      <UniqueIdentifier>{556512ae-8c9a-42f5-88a1-9669b22e5dcd}</UniqueIdentifier>
    </Filter>
    <Filter Include="Header Files\Systems\Entity\Component">
      <UniqueIdentifier>{edf843d5-0ef4-4128-8480-13c42edc8590}</UniqueIdentifier>
    </Filter>
    <Filter Include="Header Files\Debug">
      <UniqueIdentifier>{8d05fa54-a93c-445f-9c11-b9954e6fa0bd}</UniqueIdentifier>
    </Filter>
    <Filter Include="Header Files\Systems\Entity\Handle">
      <UniqueIdentifier>{ea21e4f7-7f55-47ba-b3b6-6408c39a6614}</UniqueIdentifier>
    </Filter>
    <Filter Include="Header Files\Systems\Entity\Meta">
      <UniqueIdentifier>{07ed82ee-5260-4260-b6d8-3af82de17808}</UniqueIdentifier>
    </Filter>
    <Filter Include="Header Files\Systems\Entity\Component\Scripts">
      <UniqueIdentifier>{596c150a-de2b-4324-b7a3-d0e6104bde4b}</UniqueIdentifier>
    </Filter>
    <Filter Include="Header Files\Systems\Entity\Component\UI">
      <UniqueIdentifier>{22dea1ea-06d2-4e4e-b7a2-f28576d44d7c}</UniqueIdentifier>
    </Filter>
  </ItemGroup>
  <ItemGroup>
    <ClCompile Include="src\components\DragAndResize.cpp">
      <Filter>Source Files</Filter>
    </ClCompile>
    <ClCompile Include="src\components\MouseDrag.cpp">
      <Filter>Source Files</Filter>
    </ClCompile>
    <ClCompile Include="src\engine\BehaviourManager.cpp">
      <Filter>Source Files</Filter>
    </ClCompile>
    <ClCompile Include="src\engine\Engine.cpp">
      <Filter>Source Files</Filter>
    </ClCompile>
    <ClCompile Include="src\engine\ResourceManager.cpp">
      <Filter>Source Files</Filter>
    </ClCompile>
    <ClCompile Include="src\entity\Component\Component.cpp">
      <Filter>Source Files</Filter>
    </ClCompile>
    <ClCompile Include="src\entity\Component\ComponentLoader.cpp">
      <Filter>Source Files</Filter>
    </ClCompile>
    <ClCompile Include="src\entity\Component\ComponentRegistry.cpp">
      <Filter>Source Files</Filter>
    </ClCompile>
    <ClCompile Include="src\entity\Component\ComponentType.cpp">
      <Filter>Source Files</Filter>
    </ClCompile>
    <ClCompile Include="src\entity\Archetype.cpp">
      <Filter>Source Files</Filter>
    </ClCompile>
    <ClCompile Include="src\entity\Chunk.cpp">
      <Filter>Source Files</Filter>
    </ClCompile>
    <ClCompile Include="src\entity\Entity.cpp">
      <Filter>Source Files</Filter>
    </ClCompile>
    <ClCompile Include="src\graphics\Camera.cpp">
      <Filter>Source Files</Filter>
    </ClCompile>
    <ClCompile Include="src\graphics\Graphics.cpp">
      <Filter>Source Files</Filter>
    </ClCompile>
    <ClCompile Include="src\graphics\UISystem.cpp">
      <Filter>Source Files</Filter>
    </ClCompile>
    <ClCompile Include="src\graphics\Window.cpp">
      <Filter>Source Files</Filter>
    </ClCompile>
    <ClCompile Include="src\input\Input.cpp">
      <Filter>Source Files</Filter>
    </ClCompile>
    <ClCompile Include="src\input\KeyListener.cpp">
      <Filter>Source Files</Filter>
    </ClCompile>
    <ClCompile Include="src\maths\Matrix4.cpp">
      <Filter>Source Files</Filter>
    </ClCompile>
    <ClCompile Include="src\maths\Vector2.cpp">
      <Filter>Source Files</Filter>
    </ClCompile>
    <ClCompile Include="src\maths\Vector3.cpp">
      <Filter>Source Files</Filter>
    </ClCompile>
    <ClCompile Include="src\maths\Vector4.cpp">
      <Filter>Source Files</Filter>
    </ClCompile>
    <ClCompile Include="src\physics\Physics.cpp">
      <Filter>Source Files</Filter>
    </ClCompile>
    <ClCompile Include="src\scene\Scene.cpp">
      <Filter>Source Files</Filter>
    </ClCompile>
    <ClCompile Include="src\scene\SceneManager.cpp">
      <Filter>Source Files</Filter>
    </ClCompile>
    <ClCompile Include="src\utils\Bounds.cpp">
      <Filter>Source Files</Filter>
    </ClCompile>
    <ClCompile Include="src\utils\Clipboard.cpp">
      <Filter>Source Files</Filter>
    </ClCompile>
    <ClCompile Include="src\utils\FunctionCaller.cpp">
      <Filter>Source Files</Filter>
    </ClCompile>
    <ClCompile Include="src\utils\Serializable.cpp">
      <Filter>Source Files</Filter>
    </ClCompile>
    <ClCompile Include="src\utils\UIDContainer.cpp">
      <Filter>Source Files</Filter>
    </ClCompile>
    <ClCompile Include="src\components\RectTransform.cpp">
      <Filter>Source Files</Filter>
    </ClCompile>
    <ClCompile Include="src\components\Transform.cpp">
      <Filter>Source Files</Filter>
    </ClCompile>
    <ClCompile Include="src\components\graphics\ui\WindowAnchor.cpp">
      <Filter>Source Files</Filter>
    </ClCompile>
    <ClCompile Include="src\components\graphics\RectSprite.cpp">
      <Filter>Source Files</Filter>
    </ClCompile>
    <ClCompile Include="src\engine\FpsCounter.cpp">
      <Filter>Source Files</Filter>
    </ClCompile>
    <ClCompile Include="src\components\input\Selectable.cpp">
      <Filter>Source Files</Filter>
    </ClCompile>
    <ClCompile Include="src\components\Behaviour.cpp">
      <Filter>Source Files</Filter>
    </ClCompile>
    <ClCompile Include="src\components\editor\EditorPanel.cpp">
      <Filter>Source Files</Filter>
    </ClCompile>
    <ClCompile Include="src\components\editor\HierarchyView.cpp">
      <Filter>Source Files</Filter>
    </ClCompile>
    <ClCompile Include="src\components\editor\Inspector.cpp">
      <Filter>Source Files</Filter>
    </ClCompile>
    <ClCompile Include="src\components\editor\PropertyEditor.cpp">
      <Filter>Source Files</Filter>
    </ClCompile>
    <ClCompile Include="src\components\editor\ReflectedObjectHandle.cpp">
      <Filter>Source Files</Filter>
    </ClCompile>
    <ClCompile Include="src\components\engine\GameObjectData.cpp">
      <Filter>Source Files</Filter>
    </ClCompile>
    <ClCompile Include="src\components\engine\ObjectData.cpp">
      <Filter>Source Files</Filter>
    </ClCompile>
    <ClCompile Include="src\components\engine\UIObjectData.cpp">
      <Filter>Source Files</Filter>
    </ClCompile>
    <ClCompile Include="src\components\entity\ChildManager.cpp">
      <Filter>Source Files</Filter>
    </ClCompile>
    <ClCompile Include="src\components\entity\ParentEntity.cpp">
      <Filter>Source Files</Filter>
    </ClCompile>
    <ClCompile Include="src\components\graphics\ui\Border.cpp">
      <Filter>Source Files</Filter>
    </ClCompile>
    <ClCompile Include="src\components\graphics\ui\Button.cpp">
      <Filter>Source Files</Filter>
    </ClCompile>
    <ClCompile Include="src\components\graphics\ui\ContentSizeFitter.cpp">
      <Filter>Source Files</Filter>
    </ClCompile>
    <ClCompile Include="src\components\graphics\ui\DropDown.cpp">
      <Filter>Source Files</Filter>
    </ClCompile>
    <ClCompile Include="src\components\graphics\ui\DropDownScroll.cpp">
      <Filter>Source Files</Filter>
    </ClCompile>
    <ClCompile Include="src\components\graphics\ui\GridLayoutGroup.cpp">
      <Filter>Source Files</Filter>
    </ClCompile>
    <ClCompile Include="src\components\graphics\ui\HorizontalLayoutGroup.cpp">
      <Filter>Source Files</Filter>
    </ClCompile>
    <ClCompile Include="src\components\graphics\ui\LayoutController.cpp">
      <Filter>Source Files</Filter>
    </ClCompile>
    <ClCompile Include="src\components\graphics\ui\LayoutElement.cpp">
      <Filter>Source Files</Filter>
    </ClCompile>
    <ClCompile Include="src\components\graphics\ui\LayoutGroup.cpp">
      <Filter>Source Files</Filter>
    </ClCompile>
    <ClCompile Include="src\components\graphics\ui\RectButton.cpp">
      <Filter>Source Files</Filter>
    </ClCompile>
    <ClCompile Include="src\components\graphics\ui\RectMask.cpp">
      <Filter>Source Files</Filter>
    </ClCompile>
    <ClCompile Include="src\components\graphics\ui\ScrollBar.cpp">
      <Filter>Source Files</Filter>
    </ClCompile>
    <ClCompile Include="src\components\graphics\ui\ScrollRect.cpp">
      <Filter>Source Files</Filter>
    </ClCompile>
    <ClCompile Include="src\components\graphics\ui\UIBehaviour.cpp">
      <Filter>Source Files</Filter>
    </ClCompile>
    <ClCompile Include="src\components\graphics\ui\VerticalLayoutGroup.cpp">
      <Filter>Source Files</Filter>
    </ClCompile>
    <ClCompile Include="src\components\graphics\ui\WindowScale.cpp">
      <Filter>Source Files</Filter>
    </ClCompile>
    <ClCompile Include="src\components\graphics\Image.cpp">
      <Filter>Source Files</Filter>
    </ClCompile>
    <ClCompile Include="src\components\graphics\Sprite.cpp">
      <Filter>Source Files</Filter>
    </ClCompile>
    <ClCompile Include="src\components\graphics\Text.cpp">
      <Filter>Source Files</Filter>
    </ClCompile>
    <ClCompile Include="src\components\graphics\TexturedSprite.cpp">
      <Filter>Source Files</Filter>
    </ClCompile>
    <ClCompile Include="src\components\input\CheckBox.cpp">
      <Filter>Source Files</Filter>
    </ClCompile>
    <ClCompile Include="src\components\input\InputField.cpp">
      <Filter>Source Files</Filter>
    </ClCompile>
    <ClCompile Include="src\entity\handle\ComponentFunctionHandle.cpp">
      <Filter>Source Files</Filter>
    </ClCompile>
    <ClCompile Include="src\entity\handle\ComponentHandle.cpp">
      <Filter>Source Files</Filter>
    </ClCompile>
    <ClCompile Include="src\entity\handle\EntityHandle.cpp">
      <Filter>Source Files</Filter>
    </ClCompile>
    <ClCompile Include="src\entity\handle\Handle.cpp">
      <Filter>Source Files</Filter>
    </ClCompile>
    <ClCompile Include="src\graphics\data\Color.cpp">
      <Filter>Source Files</Filter>
    </ClCompile>
    <ClCompile Include="src\graphics\data\Shader.cpp">
      <Filter>Source Files</Filter>
    </ClCompile>
    <ClCompile Include="src\graphics\data\Texture2D.cpp">
      <Filter>Source Files</Filter>
    </ClCompile>
    <ClCompile Include="src\graphics\font\Font.cpp">
      <Filter>Source Files</Filter>
    </ClCompile>
    <ClCompile Include="src\graphics\font\FontManager.cpp">
      <Filter>Source Files</Filter>
    </ClCompile>
    <ClCompile Include="src\graphics\renderer\BatchRenderer2D.cpp">
      <Filter>Source Files</Filter>
    </ClCompile>
    <ClCompile Include="src\graphics\renderer\PostProcessor.cpp">
      <Filter>Source Files</Filter>
    </ClCompile>
    <ClCompile Include="src\graphics\renderer\Renderer2D.cpp">
      <Filter>Source Files</Filter>
    </ClCompile>
    <ClCompile Include="src\entity\EntityManager.cpp">
      <Filter>Source Files</Filter>
    </ClCompile>
    <ClCompile Include="glad.c">
      <Filter>Source Files</Filter>
    </ClCompile>
    <ClCompile Include="src\components\editor\HierarchySceneMover.cpp">
      <Filter>Source Files</Filter>
    </ClCompile>
    <ClCompile Include="src\components\editor\HierarchyEntityMover.cpp">
      <Filter>Source Files</Filter>
    </ClCompile>
    <ClCompile Include="src\components\editor\HierarchyOrderRect.cpp">
      <Filter>Source Files</Filter>
    </ClCompile>
  </ItemGroup>
  <ItemGroup>
    <ClInclude Include="src\collections\TArray.h">
      <Filter>Header Files</Filter>
    </ClInclude>
    <ClInclude Include="src\components\DragAndResize.generated.h">
      <Filter>Header Files</Filter>
    </ClInclude>
    <ClInclude Include="src\components\DragAndResize.h">
      <Filter>Header Files</Filter>
    </ClInclude>
    <ClInclude Include="src\components\MouseDrag.generated.h">
      <Filter>Header Files</Filter>
    </ClInclude>
    <ClInclude Include="src\components\MouseDrag.h">
      <Filter>Header Files</Filter>
    </ClInclude>
    <ClInclude Include="src\engine\BehaviourManager.h">
      <Filter>Header Files</Filter>
    </ClInclude>
    <ClInclude Include="src\engine\Engine.h">
      <Filter>Header Files</Filter>
    </ClInclude>
    <ClInclude Include="src\engine\ResourceManager.h">
      <Filter>Header Files</Filter>
    </ClInclude>
    <ClInclude Include="src\entity\Archetype.h">
      <Filter>Header Files</Filter>
    </ClInclude>
    <ClInclude Include="src\entity\Chunk.h">
      <Filter>Header Files</Filter>
    </ClInclude>
    <ClInclude Include="src\entity\Entity.h">
      <Filter>Header Files</Filter>
    </ClInclude>
    <ClInclude Include="src\entity\EntityLocation.h">
      <Filter>Header Files</Filter>
    </ClInclude>
    <ClInclude Include="src\entity\HideFlags.h">
      <Filter>Header Files</Filter>
    </ClInclude>
    <ClInclude Include="src\graphics\Camera.h">
      <Filter>Header Files</Filter>
    </ClInclude>
    <ClInclude Include="src\graphics\Graphics.h">
      <Filter>Header Files</Filter>
    </ClInclude>
    <ClInclude Include="src\graphics\UISystem.h">
      <Filter>Header Files</Filter>
    </ClInclude>
    <ClInclude Include="src\graphics\Window.h">
      <Filter>Header Files</Filter>
    </ClInclude>
    <ClInclude Include="src\input\Input.h">
      <Filter>Header Files</Filter>
    </ClInclude>
    <ClInclude Include="src\input\InputEvent.h">
      <Filter>Header Files</Filter>
    </ClInclude>
    <ClInclude Include="src\input\KeyListener.h">
      <Filter>Header Files</Filter>
    </ClInclude>
    <ClInclude Include="src\maths\Algorithm.h">
      <Filter>Header Files</Filter>
    </ClInclude>
    <ClInclude Include="src\maths\Matrix4.h">
      <Filter>Header Files</Filter>
    </ClInclude>
    <ClInclude Include="src\maths\MatrixTransform.h">
      <Filter>Header Files</Filter>
    </ClInclude>
    <ClInclude Include="src\maths\Vector2.generated.h">
      <Filter>Header Files</Filter>
    </ClInclude>
    <ClInclude Include="src\maths\Vector2.h">
      <Filter>Header Files</Filter>
    </ClInclude>
    <ClInclude Include="src\maths\Vector3.h">
      <Filter>Header Files</Filter>
    </ClInclude>
    <ClInclude Include="src\maths\Vector4.h">
      <Filter>Header Files</Filter>
    </ClInclude>
    <ClInclude Include="src\physics\Physics.h">
      <Filter>Header Files</Filter>
    </ClInclude>
    <ClInclude Include="src\scene\ObjectType.h">
      <Filter>Header Files</Filter>
    </ClInclude>
    <ClInclude Include="src\scene\SceneManager.h">
      <Filter>Header Files</Filter>
    </ClInclude>
    <ClInclude Include="src\utils\Alignment.h">
      <Filter>Header Files</Filter>
    </ClInclude>
    <ClInclude Include="src\utils\Anchor.h">
      <Filter>Header Files</Filter>
    </ClInclude>
    <ClInclude Include="src\utils\Bounds.h">
      <Filter>Header Files</Filter>
    </ClInclude>
    <ClInclude Include="src\utils\Clipboard.h">
      <Filter>Header Files</Filter>
    </ClInclude>
    <ClInclude Include="src\utils\FunctionCaller.h">
      <Filter>Header Files</Filter>
    </ClInclude>
    <ClInclude Include="src\utils\Serializable.h">
      <Filter>Header Files</Filter>
    </ClInclude>
    <ClInclude Include="src\utils\UIDContainer.h">
      <Filter>Header Files</Filter>
    </ClInclude>
    <ClInclude Include="src\components\RectTransform.generated.h">
      <Filter>Header Files</Filter>
    </ClInclude>
    <ClInclude Include="src\components\RectTransform.h">
      <Filter>Header Files</Filter>
    </ClInclude>
    <ClInclude Include="src\components\Transform.generated.h">
      <Filter>Header Files</Filter>
    </ClInclude>
    <ClInclude Include="src\components\Transform.h">
      <Filter>Header Files</Filter>
    </ClInclude>
    <ClInclude Include="src\ReflectionMacros.h">
      <Filter>Header Files</Filter>
    </ClInclude>
    <ClInclude Include="src\components\graphics\RectSprite.generated.h">
      <Filter>Header Files</Filter>
    </ClInclude>
    <ClInclude Include="src\components\graphics\RectSprite.h">
      <Filter>Header Files</Filter>
    </ClInclude>
    <ClInclude Include="src\engine\stb_image.h">
      <Filter>Header Files\Systems\Graphics</Filter>
    </ClInclude>
    <ClInclude Include="src\engine\FpsCounter.h">
      <Filter>Header Files</Filter>
    </ClInclude>
    <ClInclude Include="src\components\input\Selectable.generated.h">
      <Filter>Header Files</Filter>
    </ClInclude>
    <ClInclude Include="src\components\input\Selectable.h">
      <Filter>Header Files</Filter>
    </ClInclude>
    <ClInclude Include="src\components\Behaviour.generated.h">
      <Filter>Header Files</Filter>
    </ClInclude>
    <ClInclude Include="src\components\Behaviour.h">
      <Filter>Header Files</Filter>
    </ClInclude>
    <ClInclude Include="src\components\editor\EditorPanel.generated.h">
      <Filter>Header Files</Filter>
    </ClInclude>
    <ClInclude Include="src\components\editor\EditorPanel.h">
      <Filter>Header Files</Filter>
    </ClInclude>
    <ClInclude Include="src\components\editor\HierarchyView.generated.h">
      <Filter>Header Files</Filter>
    </ClInclude>
    <ClInclude Include="src\components\editor\HierarchyView.h">
      <Filter>Header Files</Filter>
    </ClInclude>
    <ClInclude Include="src\components\editor\Inspector.generated.h">
      <Filter>Header Files</Filter>
    </ClInclude>
    <ClInclude Include="src\components\editor\Inspector.h">
      <Filter>Header Files</Filter>
    </ClInclude>
    <ClInclude Include="src\components\editor\PropertyEditor.generated.h">
      <Filter>Header Files</Filter>
    </ClInclude>
    <ClInclude Include="src\components\editor\PropertyEditor.h">
      <Filter>Header Files</Filter>
    </ClInclude>
    <ClInclude Include="src\components\editor\PropertyValueID.h">
      <Filter>Header Files</Filter>
    </ClInclude>
    <ClInclude Include="src\components\editor\ReflectedObjectHandle.h">
      <Filter>Header Files</Filter>
    </ClInclude>
    <ClInclude Include="src\components\engine\GameObjectData.generated.h">
      <Filter>Header Files</Filter>
    </ClInclude>
    <ClInclude Include="src\components\engine\GameObjectData.h">
      <Filter>Header Files</Filter>
    </ClInclude>
    <ClInclude Include="src\components\engine\ObjectData.generated.h">
      <Filter>Header Files</Filter>
    </ClInclude>
    <ClInclude Include="src\components\engine\ObjectData.h">
      <Filter>Header Files</Filter>
    </ClInclude>
    <ClInclude Include="src\components\engine\UIObjectData.generated.h">
      <Filter>Header Files</Filter>
    </ClInclude>
    <ClInclude Include="src\components\engine\UIObjectData.h">
      <Filter>Header Files</Filter>
    </ClInclude>
    <ClInclude Include="src\components\entity\ChildManager.generated.h">
      <Filter>Header Files</Filter>
    </ClInclude>
    <ClInclude Include="src\components\entity\ChildManager.h">
      <Filter>Header Files</Filter>
    </ClInclude>
    <ClInclude Include="src\components\entity\ParentEntity.generated.h">
      <Filter>Header Files</Filter>
    </ClInclude>
    <ClInclude Include="src\components\entity\ParentEntity.h">
      <Filter>Header Files</Filter>
    </ClInclude>
    <ClInclude Include="src\components\graphics\ui\Border.generated.h">
      <Filter>Header Files</Filter>
    </ClInclude>
    <ClInclude Include="src\components\graphics\ui\Border.h">
      <Filter>Header Files</Filter>
    </ClInclude>
    <ClInclude Include="src\components\graphics\ui\Button.generated.h">
      <Filter>Header Files</Filter>
    </ClInclude>
    <ClInclude Include="src\components\graphics\ui\Button.h">
      <Filter>Header Files</Filter>
    </ClInclude>
    <ClInclude Include="src\components\graphics\ui\ContentSizeFitter.generated.h">
      <Filter>Header Files</Filter>
    </ClInclude>
    <ClInclude Include="src\components\graphics\ui\ContentSizeFitter.h">
      <Filter>Header Files</Filter>
    </ClInclude>
    <ClInclude Include="src\components\graphics\ui\DropDown.generated.h">
      <Filter>Header Files</Filter>
    </ClInclude>
    <ClInclude Include="src\components\graphics\ui\DropDown.h">
      <Filter>Header Files</Filter>
    </ClInclude>
    <ClInclude Include="src\components\graphics\ui\DropDownScroll.generated.h">
      <Filter>Header Files</Filter>
    </ClInclude>
    <ClInclude Include="src\components\graphics\ui\DropDownScroll.h">
      <Filter>Header Files</Filter>
    </ClInclude>
    <ClInclude Include="src\components\graphics\ui\GridLayoutGroup.generated.h">
      <Filter>Header Files</Filter>
    </ClInclude>
    <ClInclude Include="src\components\graphics\ui\GridLayoutGroup.h">
      <Filter>Header Files</Filter>
    </ClInclude>
    <ClInclude Include="src\components\graphics\ui\HorizontalLayoutGroup.generated.h">
      <Filter>Header Files</Filter>
    </ClInclude>
    <ClInclude Include="src\components\graphics\ui\HorizontalLayoutGroup.h">
      <Filter>Header Files</Filter>
    </ClInclude>
    <ClInclude Include="src\components\graphics\ui\ILayoutElement.h">
      <Filter>Header Files</Filter>
    </ClInclude>
    <ClInclude Include="src\components\graphics\ui\LayoutController.generated.h">
      <Filter>Header Files</Filter>
    </ClInclude>
    <ClInclude Include="src\components\graphics\ui\LayoutController.h">
      <Filter>Header Files</Filter>
    </ClInclude>
    <ClInclude Include="src\components\graphics\ui\LayoutElement.generated.h">
      <Filter>Header Files</Filter>
    </ClInclude>
    <ClInclude Include="src\components\graphics\ui\LayoutElement.h">
      <Filter>Header Files</Filter>
    </ClInclude>
    <ClInclude Include="src\components\graphics\ui\LayoutGroup.generated.h">
      <Filter>Header Files</Filter>
    </ClInclude>
    <ClInclude Include="src\components\graphics\ui\LayoutGroup.h">
      <Filter>Header Files</Filter>
    </ClInclude>
    <ClInclude Include="src\components\graphics\ui\RectButton.generated.h">
      <Filter>Header Files</Filter>
    </ClInclude>
    <ClInclude Include="src\components\graphics\ui\RectButton.h">
      <Filter>Header Files</Filter>
    </ClInclude>
    <ClInclude Include="src\components\graphics\ui\RectMask.generated.h">
      <Filter>Header Files</Filter>
    </ClInclude>
    <ClInclude Include="src\components\graphics\ui\RectMask.h">
      <Filter>Header Files</Filter>
    </ClInclude>
    <ClInclude Include="src\components\graphics\ui\ScrollBar.generated.h">
      <Filter>Header Files</Filter>
    </ClInclude>
    <ClInclude Include="src\components\graphics\ui\ScrollBar.h">
      <Filter>Header Files</Filter>
    </ClInclude>
    <ClInclude Include="src\components\graphics\ui\ScrollRect.generated.h">
      <Filter>Header Files</Filter>
    </ClInclude>
    <ClInclude Include="src\components\graphics\ui\ScrollRect.h">
      <Filter>Header Files</Filter>
    </ClInclude>
    <ClInclude Include="src\components\graphics\ui\UIBehaviour.generated.h">
      <Filter>Header Files</Filter>
    </ClInclude>
    <ClInclude Include="src\components\graphics\ui\UIBehaviour.h">
      <Filter>Header Files</Filter>
    </ClInclude>
    <ClInclude Include="src\components\graphics\ui\VerticalLayoutGroup.generated.h">
      <Filter>Header Files</Filter>
    </ClInclude>
    <ClInclude Include="src\components\graphics\ui\VerticalLayoutGroup.h">
      <Filter>Header Files</Filter>
    </ClInclude>
    <ClInclude Include="src\components\graphics\ui\WindowAnchor.generated.h">
      <Filter>Header Files</Filter>
    </ClInclude>
    <ClInclude Include="src\components\graphics\ui\WindowAnchor.h">
      <Filter>Header Files</Filter>
    </ClInclude>
    <ClInclude Include="src\components\graphics\ui\WindowScale.generated.h">
      <Filter>Header Files</Filter>
    </ClInclude>
    <ClInclude Include="src\components\graphics\ui\WindowScale.h">
      <Filter>Header Files</Filter>
    </ClInclude>
    <ClInclude Include="src\components\graphics\Image.generated.h">
      <Filter>Header Files</Filter>
    </ClInclude>
    <ClInclude Include="src\components\graphics\Image.h">
      <Filter>Header Files</Filter>
    </ClInclude>
    <ClInclude Include="src\components\graphics\Sprite.generated.h">
      <Filter>Header Files</Filter>
    </ClInclude>
    <ClInclude Include="src\components\graphics\Sprite.h">
      <Filter>Header Files</Filter>
    </ClInclude>
    <ClInclude Include="src\components\graphics\Text.generated.h">
      <Filter>Header Files</Filter>
    </ClInclude>
    <ClInclude Include="src\components\graphics\Text.h">
      <Filter>Header Files</Filter>
    </ClInclude>
    <ClInclude Include="src\components\graphics\TexturedSprite.generated.h">
      <Filter>Header Files</Filter>
    </ClInclude>
    <ClInclude Include="src\components\graphics\TexturedSprite.h">
      <Filter>Header Files</Filter>
    </ClInclude>
    <ClInclude Include="src\components\input\CheckBox.generated.h">
      <Filter>Header Files</Filter>
    </ClInclude>
    <ClInclude Include="src\components\input\CheckBox.h">
      <Filter>Header Files</Filter>
    </ClInclude>
    <ClInclude Include="src\components\input\InputField.generated.h">
      <Filter>Header Files</Filter>
    </ClInclude>
    <ClInclude Include="src\components\input\InputField.h">
      <Filter>Header Files</Filter>
    </ClInclude>
    <ClInclude Include="src\entity\component\Component.generated.h">
      <Filter>Header Files</Filter>
    </ClInclude>
    <ClInclude Include="src\entity\component\Component.h">
      <Filter>Header Files</Filter>
    </ClInclude>
    <ClInclude Include="src\entity\component\ComponentArray.h">
      <Filter>Header Files</Filter>
    </ClInclude>
    <ClInclude Include="src\entity\component\ComponentArrayManager.h">
      <Filter>Header Files</Filter>
    </ClInclude>
    <ClInclude Include="src\entity\component\ComponentGroup.h">
      <Filter>Header Files</Filter>
    </ClInclude>
    <ClInclude Include="src\entity\component\ComponentLoader.h">
      <Filter>Header Files</Filter>
    </ClInclude>
    <ClInclude Include="src\entity\component\ComponentRegistry.h">
      <Filter>Header Files</Filter>
    </ClInclude>
    <ClInclude Include="src\entity\component\ComponentType.h">
      <Filter>Header Files</Filter>
    </ClInclude>
    <ClInclude Include="src\entity\component\ComponentTypeInfo.h">
      <Filter>Header Files</Filter>
    </ClInclude>
    <ClInclude Include="src\entity\handle\ComponentFunctionHandle.h">
      <Filter>Header Files</Filter>
    </ClInclude>
    <ClInclude Include="src\entity\handle\ComponentHandle.h">
      <Filter>Header Files</Filter>
    </ClInclude>
    <ClInclude Include="src\entity\handle\EntityHandle.h">
      <Filter>Header Files</Filter>
    </ClInclude>
    <ClInclude Include="src\entity\handle\Handle.h">
      <Filter>Header Files</Filter>
    </ClInclude>
    <ClInclude Include="src\graphics\data\Color.generated.h">
      <Filter>Header Files</Filter>
    </ClInclude>
    <ClInclude Include="src\graphics\data\Color.h">
      <Filter>Header Files</Filter>
    </ClInclude>
    <ClInclude Include="src\graphics\data\Shader.h">
      <Filter>Header Files</Filter>
    </ClInclude>
    <ClInclude Include="src\graphics\data\Texture2D.h">
      <Filter>Header Files</Filter>
    </ClInclude>
    <ClInclude Include="src\graphics\font\Font.h">
      <Filter>Header Files</Filter>
    </ClInclude>
    <ClInclude Include="src\graphics\font\FontManager.h">
      <Filter>Header Files</Filter>
    </ClInclude>
    <ClInclude Include="src\graphics\renderer\BatchConfig.h">
      <Filter>Header Files</Filter>
    </ClInclude>
    <ClInclude Include="src\graphics\renderer\BatchRenderer2D.h">
      <Filter>Header Files</Filter>
    </ClInclude>
    <ClInclude Include="src\graphics\renderer\PostProcessor.h">
      <Filter>Header Files</Filter>
    </ClInclude>
    <ClInclude Include="src\graphics\renderer\Renderable2D.h">
      <Filter>Header Files</Filter>
    </ClInclude>
    <ClInclude Include="src\graphics\renderer\Renderer2D.h">
      <Filter>Header Files</Filter>
    </ClInclude>
    <ClInclude Include="src\ReflectionEnum.generated.h">
      <Filter>Header Files</Filter>
    </ClInclude>
    <ClInclude Include="src\ReflectionPolymorph.generated.h">
      <Filter>Header Files</Filter>
    </ClInclude>
    <ClInclude Include="src\entity\EntityManager.h">
      <Filter>Header Files</Filter>
    </ClInclude>
    <ClInclude Include="src\components\editor\HierarchySceneMover.h">
      <Filter>Header Files</Filter>
    </ClInclude>
    <ClInclude Include="src\components\editor\HierarchyEntityMover.h">
      <Filter>Header Files</Filter>
    </ClInclude>
    <ClInclude Include="src\scene\Scene.h">
      <Filter>Header Files</Filter>
    </ClInclude>
    <ClInclude Include="src\components\editor\HierarchyOrderRect.h">
      <Filter>Header Files</Filter>
    </ClInclude>
    <ClInclude Include="src\entity\ComponentDataBlock.h">
      <Filter>Header Files</Filter>
    </ClInclude>
  </ItemGroup>
</Project>